
Microsoft Visual Studio Solution File, Format Version 12.00
# Visual Studio 2013
VisualStudioVersion = 12.0.21005.1
MinimumVisualStudioVersion = 10.0.40219.1
Project("{FAE04EC0-301F-11D3-BF4B-00C04F79EFBC}") = "Lab04", "Lab04\Lab04.csproj", "{EC144C65-8D0B-49B1-B54C-21940FF919B0}"
EndProject
Project("{FAE04EC0-301F-11D3-BF4B-00C04F79EFBC}") = "Test", "UnitTestProject1\Test.csproj", "{0A6AF216-3A59-4657-8C56-536BAB428DE8}"
EndProject
Global
	GlobalSection(SolutionConfigurationPlatforms) = preSolution
		Debug|Any CPU = Debug|Any CPU
		Release|Any CPU = Release|Any CPU
	EndGlobalSection
	GlobalSection(ProjectConfigurationPlatforms) = postSolution
		{EC144C65-8D0B-49B1-B54C-21940FF919B0}.Debug|Any CPU.ActiveCfg = Debug|Any CPU
		{EC144C65-8D0B-49B1-B54C-21940FF919B0}.Debug|Any CPU.Build.0 = Debug|Any CPU
		{EC144C65-8D0B-49B1-B54C-21940FF919B0}.Release|Any CPU.ActiveCfg = Release|Any CPU
		{EC144C65-8D0B-49B1-B54C-21940FF919B0}.Release|Any CPU.Build.0 = Release|Any CPU
		{0A6AF216-3A59-4657-8C56-536BAB428DE8}.Debug|Any CPU.ActiveCfg = Debug|Any CPU
		{0A6AF216-3A59-4657-8C56-536BAB428DE8}.Debug|Any CPU.Build.0 = Debug|Any CPU
		{0A6AF216-3A59-4657-8C56-536BAB428DE8}.Release|Any CPU.ActiveCfg = Release|Any CPU
		{0A6AF216-3A59-4657-8C56-536BAB428DE8}.Release|Any CPU.Build.0 = Release|Any CPU
	EndGlobalSection
	GlobalSection(SolutionProperties) = preSolution
		HideSolutionNode = FALSE
	EndGlobalSection
EndGlobal
